
Microsoft Visual Studio Solution File, Format Version 12.00
# Visual Studio Version 17
VisualStudioVersion = 17.2.32516.85
MinimumVisualStudioVersion = 10.0.40219.1
Project("{FAE04EC0-301F-11D3-BF4B-00C04F79EFBC}") = "ManageEmployee.Web", "WebApplication1\ManageEmployee.Web.csproj", "{6B3A19EC-9B84-4DB5-ACD2-A22E00565D02}"
EndProject
Project("{FAE04EC0-301F-11D3-BF4B-00C04F79EFBC}") = "ManageEmployee.Domain", "ManageEmployee.Domain\ManageEmployee.Domain.csproj", "{44562A02-F6A5-4750-9C15-735D66F395EA}"
EndProject
Project("{FAE04EC0-301F-11D3-BF4B-00C04F79EFBC}") = "ManageEmployee.BAL", "ManageEmployee.BAL\ManageEmployee.BAL.csproj", "{713AD402-87F5-4647-AE5A-1FF37BCF8256}"
EndProject
Global
	GlobalSection(SolutionConfigurationPlatforms) = preSolution
		Debug|Any CPU = Debug|Any CPU
		Release|Any CPU = Release|Any CPU
	EndGlobalSection
	GlobalSection(ProjectConfigurationPlatforms) = postSolution
		{6B3A19EC-9B84-4DB5-ACD2-A22E00565D02}.Debug|Any CPU.ActiveCfg = Debug|Any CPU
		{6B3A19EC-9B84-4DB5-ACD2-A22E00565D02}.Debug|Any CPU.Build.0 = Debug|Any CPU
		{6B3A19EC-9B84-4DB5-ACD2-A22E00565D02}.Release|Any CPU.ActiveCfg = Release|Any CPU
		{6B3A19EC-9B84-4DB5-ACD2-A22E00565D02}.Release|Any CPU.Build.0 = Release|Any CPU
		{44562A02-F6A5-4750-9C15-735D66F395EA}.Debug|Any CPU.ActiveCfg = Debug|Any CPU
		{44562A02-F6A5-4750-9C15-735D66F395EA}.Debug|Any CPU.Build.0 = Debug|Any CPU
		{44562A02-F6A5-4750-9C15-735D66F395EA}.Release|Any CPU.ActiveCfg = Release|Any CPU
		{44562A02-F6A5-4750-9C15-735D66F395EA}.Release|Any CPU.Build.0 = Release|Any CPU
		{713AD402-87F5-4647-AE5A-1FF37BCF8256}.Debug|Any CPU.ActiveCfg = Debug|Any CPU
		{713AD402-87F5-4647-AE5A-1FF37BCF8256}.Debug|Any CPU.Build.0 = Debug|Any CPU
		{713AD402-87F5-4647-AE5A-1FF37BCF8256}.Release|Any CPU.ActiveCfg = Release|Any CPU
		{713AD402-87F5-4647-AE5A-1FF37BCF8256}.Release|Any CPU.Build.0 = Release|Any CPU
	EndGlobalSection
	GlobalSection(SolutionProperties) = preSolution
		HideSolutionNode = FALSE
	EndGlobalSection
	GlobalSection(ExtensibilityGlobals) = postSolution
		SolutionGuid = {4FDCA8B2-32DA-47B1-BA90-92CD699CCCF8}
	EndGlobalSection
EndGlobal
