
Microsoft Visual Studio Solution File, Format Version 12.00
# Visual Studio Version 17
VisualStudioVersion = 17.2.32516.85
MinimumVisualStudioVersion = 10.0.40219.1
Project("{FAE04EC0-301F-11D3-BF4B-00C04F79EFBC}") = "ManageEmployee.Web", "WebApplication1\ManageEmployee.Web.csproj", "{6B3A19EC-9B84-4DB5-ACD2-A22E00565D02}"
EndProject
Project("{FAE04EC0-301F-11D3-BF4B-00C04F79EFBC}") = "ManageEmployee.Domain", "ManageEmployee.Domain\ManageEmployee.Domain.csproj", "{44562A02-F6A5-4750-9C15-735D66F395EA}"
EndProject
Project("{FAE04EC0-301F-11D3-BF4B-00C04F79EFBC}") = "ManageEmployee.BAL", "ManageEmployee.BAL\ManageEmployee.BAL.csproj", "{713AD402-87F5-4647-AE5A-1FF37BCF8256}"
EndProject
Project("{FAE04EC0-301F-11D3-BF4B-00C04F79EFBC}") = "ManageEmployee2.Web", "ManageEmployee2.Web\ManageEmployee2.Web.csproj", "{02BF6D1A-59E8-43F9-98C3-5AA9ABFEA826}"
EndProject
Project("{FAE04EC0-301F-11D3-BF4B-00C04F79EFBC}") = "ManageEmployee3.Web", "ManageEmployee3.Web\ManageEmployee3.Web.csproj", "{C45C2612-3772-4FBC-B21E-0249CC1F463A}"
EndProject
Project("{FAE04EC0-301F-11D3-BF4B-00C04F79EFBC}") = "ManageEmployee3.Domain", "ManageEmployee3.Domain\ManageEmployee3.Domain.csproj", "{73E6189C-8A58-4C6E-8497-CA251AEFB7D6}"
EndProject
Project("{FAE04EC0-301F-11D3-BF4B-00C04F79EFBC}") = "ManageEmployee5.MVC", "ManageEmployee5.MVC\ManageEmployee5.MVC.csproj", "{5C145577-E319-40A9-B48A-A9CF6649702E}"
EndProject
Global
	GlobalSection(SolutionConfigurationPlatforms) = preSolution
		Debug|Any CPU = Debug|Any CPU
		Release|Any CPU = Release|Any CPU
	EndGlobalSection
	GlobalSection(ProjectConfigurationPlatforms) = postSolution
		{6B3A19EC-9B84-4DB5-ACD2-A22E00565D02}.Debug|Any CPU.ActiveCfg = Debug|Any CPU
		{6B3A19EC-9B84-4DB5-ACD2-A22E00565D02}.Debug|Any CPU.Build.0 = Debug|Any CPU
		{6B3A19EC-9B84-4DB5-ACD2-A22E00565D02}.Release|Any CPU.ActiveCfg = Release|Any CPU
		{6B3A19EC-9B84-4DB5-ACD2-A22E00565D02}.Release|Any CPU.Build.0 = Release|Any CPU
		{44562A02-F6A5-4750-9C15-735D66F395EA}.Debug|Any CPU.ActiveCfg = Debug|Any CPU
		{44562A02-F6A5-4750-9C15-735D66F395EA}.Debug|Any CPU.Build.0 = Debug|Any CPU
		{44562A02-F6A5-4750-9C15-735D66F395EA}.Release|Any CPU.ActiveCfg = Release|Any CPU
		{44562A02-F6A5-4750-9C15-735D66F395EA}.Release|Any CPU.Build.0 = Release|Any CPU
		{713AD402-87F5-4647-AE5A-1FF37BCF8256}.Debug|Any CPU.ActiveCfg = Debug|Any CPU
		{713AD402-87F5-4647-AE5A-1FF37BCF8256}.Debug|Any CPU.Build.0 = Debug|Any CPU
		{713AD402-87F5-4647-AE5A-1FF37BCF8256}.Release|Any CPU.ActiveCfg = Release|Any CPU
		{713AD402-87F5-4647-AE5A-1FF37BCF8256}.Release|Any CPU.Build.0 = Release|Any CPU
		{02BF6D1A-59E8-43F9-98C3-5AA9ABFEA826}.Debug|Any CPU.ActiveCfg = Debug|Any CPU
		{02BF6D1A-59E8-43F9-98C3-5AA9ABFEA826}.Debug|Any CPU.Build.0 = Debug|Any CPU
		{02BF6D1A-59E8-43F9-98C3-5AA9ABFEA826}.Release|Any CPU.ActiveCfg = Release|Any CPU
		{02BF6D1A-59E8-43F9-98C3-5AA9ABFEA826}.Release|Any CPU.Build.0 = Release|Any CPU
		{C45C2612-3772-4FBC-B21E-0249CC1F463A}.Debug|Any CPU.ActiveCfg = Debug|Any CPU
		{C45C2612-3772-4FBC-B21E-0249CC1F463A}.Debug|Any CPU.Build.0 = Debug|Any CPU
		{C45C2612-3772-4FBC-B21E-0249CC1F463A}.Release|Any CPU.ActiveCfg = Release|Any CPU
		{C45C2612-3772-4FBC-B21E-0249CC1F463A}.Release|Any CPU.Build.0 = Release|Any CPU
		{73E6189C-8A58-4C6E-8497-CA251AEFB7D6}.Debug|Any CPU.ActiveCfg = Debug|Any CPU
		{73E6189C-8A58-4C6E-8497-CA251AEFB7D6}.Debug|Any CPU.Build.0 = Debug|Any CPU
		{73E6189C-8A58-4C6E-8497-CA251AEFB7D6}.Release|Any CPU.ActiveCfg = Release|Any CPU
		{73E6189C-8A58-4C6E-8497-CA251AEFB7D6}.Release|Any CPU.Build.0 = Release|Any CPU
		{5C145577-E319-40A9-B48A-A9CF6649702E}.Debug|Any CPU.ActiveCfg = Debug|Any CPU
		{5C145577-E319-40A9-B48A-A9CF6649702E}.Debug|Any CPU.Build.0 = Debug|Any CPU
		{5C145577-E319-40A9-B48A-A9CF6649702E}.Release|Any CPU.ActiveCfg = Release|Any CPU
		{5C145577-E319-40A9-B48A-A9CF6649702E}.Release|Any CPU.Build.0 = Release|Any CPU
	EndGlobalSection
	GlobalSection(SolutionProperties) = preSolution
		HideSolutionNode = FALSE
	EndGlobalSection
	GlobalSection(ExtensibilityGlobals) = postSolution
		SolutionGuid = {4FDCA8B2-32DA-47B1-BA90-92CD699CCCF8}
	EndGlobalSection
EndGlobal
